Microsoft Visual Studio Solution File, Format Version 12.00
# Visual Studio Version 17
VisualStudioVersion = 17.5.2.0
MinimumVisualStudioVersion = 10.0.40219.1
Project("{FAE04EC0-301F-11D3-BF4B-00C04F79EFBC}") = "TALLER-LIGA", "TALLER-LIGA.csproj", "{C69615C2-C7A6-B70F-68A2-57196496B250}"
EndProject
Global
	GlobalSection(SolutionConfigurationPlatforms) = preSolution
		Debug|Any CPU = Debug|Any CPU
		Release|Any CPU = Release|Any CPU
	EndGlobalSection
	GlobalSection(ProjectConfigurationPlatforms) = postSolution
		{C69615C2-C7A6-B70F-68A2-57196496B250}.Debug|Any CPU.ActiveCfg = Debug|Any CPU
		{C69615C2-C7A6-B70F-68A2-57196496B250}.Debug|Any CPU.Build.0 = Debug|Any CPU
		{C69615C2-C7A6-B70F-68A2-57196496B250}.Release|Any CPU.ActiveCfg = Release|Any CPU
		{C69615C2-C7A6-B70F-68A2-57196496B250}.Release|Any CPU.Build.0 = Release|Any CPU
	EndGlobalSection
	GlobalSection(SolutionProperties) = preSolution
		HideSolutionNode = FALSE
	EndGlobalSection
	GlobalSection(ExtensibilityGlobals) = postSolution
		SolutionGuid = {407666DF-8C21-4C32-A6A5-3F553A98F4A4}
	EndGlobalSection
EndGlobal
